
Microsoft Visual Studio Solution File, Format Version 12.00
# Visual Studio 15
VisualStudioVersion = 15.0.26730.12
MinimumVisualStudioVersion = 10.0.40219.1
Project("{FAE04EC0-301F-11D3-BF4B-00C04F79EFBC}") = "FitnessFrog", "ConsoleApp1\FitnessFrog.csproj", "{387D443C-DCAC-4742-83E1-9297B4C3A79B}"
EndProject
Global
	GlobalSection(SolutionConfigurationPlatforms) = preSolution
		Debug|Any CPU = Debug|Any CPU
		Release|Any CPU = Release|Any CPU
	EndGlobalSection
	GlobalSection(ProjectConfigurationPlatforms) = postSolution
		{387D443C-DCAC-4742-83E1-9297B4C3A79B}.Debug|Any CPU.ActiveCfg = Debug|Any CPU
		{387D443C-DCAC-4742-83E1-9297B4C3A79B}.Debug|Any CPU.Build.0 = Debug|Any CPU
		{387D443C-DCAC-4742-83E1-9297B4C3A79B}.Release|Any CPU.ActiveCfg = Release|Any CPU
		{387D443C-DCAC-4742-83E1-9297B4C3A79B}.Release|Any CPU.Build.0 = Release|Any CPU
	EndGlobalSection
	GlobalSection(SolutionProperties) = preSolution
		HideSolutionNode = FALSE
	EndGlobalSection
	GlobalSection(ExtensibilityGlobals) = postSolution
		SolutionGuid = {E0B29727-4226-4B6E-90E2-098AED3F669A}
	EndGlobalSection
EndGlobal
